// !$*UTF8*$!
{
	archiveVersion = 1;
	classes = {
	};
	objectVersion = 50;
	objects = {

/* Begin PBXBuildFile section */
		7F317CBA226AFADD003F179C /* AppDelegate.swift in Sources */ = {isa = PBXBuildFile; fileRef = 7F317CB9226AFADD003F179C /* AppDelegate.swift */; };
		7F317CBF226AFADD003F179C /* Main.storyboard in Resources */ = {isa = PBXBuildFile; fileRef = 7F317CBD226AFADD003F179C /* Main.storyboard */; };
		7F317CC1226AFADF003F179C /* Assets.xcassets in Resources */ = {isa = PBXBuildFile; fileRef = 7F317CC0226AFADF003F179C /* Assets.xcassets */; };
		7F317CC4226AFADF003F179C /* LaunchScreen.storyboard in Resources */ = {isa = PBXBuildFile; fileRef = 7F317CC2226AFADF003F179C /* LaunchScreen.storyboard */; };
		7F317CCC226B00C1003F179C /* CustomTableViewCell.swift in Sources */ = {isa = PBXBuildFile; fileRef = 7F317CCB226B00C1003F179C /* CustomTableViewCell.swift */; };
		7F317CCE226B00FA003F179C /* CustomTableViewController.swift in Sources */ = {isa = PBXBuildFile; fileRef = 7F317CCD226B00FA003F179C /* CustomTableViewController.swift */; };
/* End PBXBuildFile section */

/* Begin PBXFileReference section */
		7F317CB6226AFADD003F179C /* Home UI TableView.app */ = {isa = PBXFileReference; explicitFileType = wrapper.application; includeInIndex = 0; path = "Home UI TableView.app"; sourceTree = BUILT_PRODUCTS_DIR; };
		7F317CB9226AFADD003F179C /* AppDelegate.swift */ = {isa = PBXFileReference; lastKnownFileType = sourcecode.swift; path = AppDelegate.swift; sourceTree = "<group>"; };
		7F317CBE226AFADD003F179C /* Base */ = {isa = PBXFileReference; lastKnownFileType = file.storyboard; name = Base; path = Base.lproj/Main.storyboard; sourceTree = "<group>"; };
		7F317CC0226AFADF003F179C /* Assets.xcassets */ = {isa = PBXFileReference; lastKnownFileType = folder.assetcatalog; path = Assets.xcassets; sourceTree = "<group>"; };
		7F317CC3226AFADF003F179C /* Base */ = {isa = PBXFileReference; lastKnownFileType = file.storyboard; name = Base; path = Base.lproj/LaunchScreen.storyboard; sourceTree = "<group>"; };
		7F317CC5226AFADF003F179C /* Info.plist */ = {isa = PBXFileReference; lastKnownFileType = text.plist.xml; path = Info.plist; sourceTree = "<group>"; };
		7F317CCB226B00C1003F179C /* CustomTableViewCell.swift */ = {isa = PBXFileReference; lastKnownFileType = sourcecode.swift; path = CustomTableViewCell.swift; sourceTree = "<group>"; };
		7F317CCD226B00FA003F179C /* CustomTableViewController.swift */ = {isa = PBXFileReference; lastKnownFileType = sourcecode.swift; path = CustomTableViewController.swift; sourceTree = "<group>"; };
/* End PBXFileReference section */

/* Begin PBXFrameworksBuildPhase section */
		7F317CB3226AFADD003F179C /* Frameworks */ = {
			isa = PBXFrameworksBuildPhase;
			buildActionMask = 2147483647;
			files = (
			);
			runOnlyForDeploymentPostprocessing = 0;
		};
/* End PBXFrameworksBuildPhase section */

/* Begin PBXGroup section */
		7F317CAD226AFADD003F179C = {
			isa = PBXGroup;
			children = (
				7F317CB8226AFADD003F179C /* Home UI TableView */,
				7F317CB7226AFADD003F179C /* Products */,
			);
			sourceTree = "<group>";
		};
		7F317CB7226AFADD003F179C /* Products */ = {
			isa = PBXGroup;
			children = (
				7F317CB6226AFADD003F179C /* Home UI TableView.app */,
			);
			name = Products;
			sourceTree = "<group>";
		};
		7F317CB8226AFADD003F179C /* Home UI TableView */ = {
			isa = PBXGroup;
			children = (
				7F317CB9226AFADD003F179C /* AppDelegate.swift */,
				7F317CBD226AFADD003F179C /* Main.storyboard */,
				7F317CC0226AFADF003F179C /* Assets.xcassets */,
				7F317CC2226AFADF003F179C /* LaunchScreen.storyboard */,
				7F317CC5226AFADF003F179C /* Info.plist */,
				7F317CCB226B00C1003F179C /* CustomTableViewCell.swift */,
				7F317CCD226B00FA003F179C /* CustomTableViewController.swift */,
			);
			path = "Home UI TableView";
			sourceTree = "<group>";
		};
/* End PBXGroup section */

/* Begin PBXNativeTarget section */
		7F317CB5226AFADD003F179C /* Home UI TableView */ = {
			isa = PBXNativeTarget;
			buildConfigurationList = 7F317CC8226AFADF003F179C /* Build configuration list for PBXNativeTarget "Home UI TableView" */;
			buildPhases = (
				7F317CB2226AFADD003F179C /* Sources */,
				7F317CB3226AFADD003F179C /* Frameworks */,
				7F317CB4226AFADD003F179C /* Resources */,
			);
			buildRules = (
			);
			dependencies = (
			);
			name = "Home UI TableView";
			productName = "Home UI TableView";
			productReference = 7F317CB6226AFADD003F179C /* Home UI TableView.app */;
			productType = "com.apple.product-type.application";
		};
/* End PBXNativeTarget section */

/* Begin PBXProject section */
		7F317CAE226AFADD003F179C /* Project object */ = {
			isa = PBXProject;
			attributes = {
				LastSwiftUpdateCheck = 1010;
				LastUpgradeCheck = 1010;
				ORGANIZATIONNAME = "Santhosh Kumar G";
				TargetAttributes = {
					7F317CB5226AFADD003F179C = {
						CreatedOnToolsVersion = 10.1;
					};
				};
			};
			buildConfigurationList = 7F317CB1226AFADD003F179C /* Build configuration list for PBXProject "Home UI TableView" */;
			compatibilityVersion = "Xcode 9.3";
			developmentRegion = en;
			hasScannedForEncodings = 0;
			knownRegions = (
				en,
				Base,
			);
			mainGroup = 7F317CAD226AFADD003F179C;
			productRefGroup = 7F317CB7226AFADD003F179C /* Products */;
			projectDirPath = "";
			projectRoot = "";
			targets = (
				7F317CB5226AFADD003F179C /* Home UI TableView */,
			);
		};
/* End PBXProject section */

/* Begin PBXResourcesBuildPhase section */
		7F317CB4226AFADD003F179C /* Resources */ = {
			isa = PBXResourcesBuildPhase;
			buildActionMask = 2147483647;
			files = (
				7F317CC4226AFADF003F179C /* LaunchScreen.storyboard in Resources */,
				7F317CC1226AFADF003F179C /* Assets.xcassets in Resources */,
				7F317CBF226AFADD003F179C /* Main.storyboard in Resources */,
			);
			runOnlyForDeploymentPostprocessing = 0;
		};
/* End PBXResourcesBuildPhase section */

/* Begin PBXSourcesBuildPhase section */
		7F317CB2226AFADD003F179C /* Sources */ = {
			isa = PBXSourcesBuildPhase;
			buildActionMask = 2147483647;
			files = (
				7F317CCC226B00C1003F179C /* CustomTableViewCell.swift in Sources */,
				7F317CCE226B00FA003F179C /* CustomTableViewController.swift in Sources */,
				7F317CBA226AFADD003F179C /* AppDelegate.swift in Sources */,
			);
			runOnlyForDeploymentPostprocessing = 0;
		};
/* End PBXSourcesBuildPhase section */

/* Begin PBXVariantGroup section */
		7F317CBD226AFADD003F179C /* Main.storyboard */ = {
			isa = PBXVariantGroup;
			children = (
				7F317CBE226AFADD003F179C /* Base */,
			);
			name = Main.storyboard;
			sourceTree = "<group>";
		};
		7F317CC2226AFADF003F179C /* LaunchScreen.storyboard */ = {
			isa = PBXVariantGroup;
			children = (
				7F317CC3226AFADF003F179C /* Base */,
			);
			name = LaunchScreen.storyboard;
			sourceTree = "<group>";
		};
/* End PBXVariantGroup section */

/* Begin XCBuildConfiguration section */
		7F317CC6226AFADF003F179C /* Debug */ = {
			isa = XCBuildConfiguration;
			buildSettings = {
				ALWAYS_SEARCH_USER_PATHS = NO;
				CLANG_ANALYZER_NONNULL = YES;
				CLANG_ANALYZER_NUMBER_OBJECT_CONVERSION = YES_AGGRESSIVE;
				CLANG_CXX_LANGUAGE_STANDARD = "gnu++14";
				CLANG_CXX_LIBRARY = "libc++";
				CLANG_ENABLE_MODULES = YES;
				CLANG_ENABLE_OBJC_ARC = YES;
				CLANG_ENABLE_OBJC_WEAK = YES;
				CLANG_WARN_BLOCK_CAPTURE_AUTORELEASING = YES;
				CLANG_WARN_BOOL_CONVERSION = YES;
				CLANG_WARN_COMMA = YES;
				CLANG_WARN_CONSTANT_CONVERSION = YES;
				CLANG_WARN_DEPRECATED_OBJC_IMPLEMENTATIONS = YES;
				CLANG_WARN_DIRECT_OBJC_ISA_USAGE = YES_ERROR;
				CLANG_WARN_DOCUMENTATION_COMMENTS = YES;
				CLANG_WARN_EMPTY_BODY = YES;
				CLANG_WARN_ENUM_CONVERSION = YES;
				CLANG_WARN_INFINITE_RECURSION = YES;
				CLANG_WARN_INT_CONVERSION = YES;
				CLANG_WARN_NON_LITERAL_NULL_CONVERSION = YES;
				CLANG_WARN_OBJC_IMPLICIT_RETAIN_SELF = YES;
				CLANG_WARN_OBJC_LITERAL_CONVERSION = YES;
				CLANG_WARN_OBJC_ROOT_CLASS = YES_ERROR;
				CLANG_WARN_RANGE_LOOP_ANALYSIS = YES;
				CLANG_WARN_STRICT_PROTOTYPES = YES;
				CLANG_WARN_SUSPICIOUS_MOVE = YES;
				CLANG_WARN_UNGUARDED_AVAILABILITY = YES_AGGRESSIVE;
				CLANG_WARN_UNREACHABLE_CODE = YES;
				CLANG_WARN__DUPLICATE_METHOD_MATCH = YES;
				CODE_SIGN_IDENTITY = "iPhone Developer";
				COPY_PHASE_STRIP = NO;
				DEBUG_INFORMATION_FORMAT = dwarf;
				ENABLE_STRICT_OBJC_MSGSEND = YES;
				ENABLE_TESTABILITY = YES;
				GCC_C_LANGUAGE_STANDARD = gnu11;
				GCC_DYNAMIC_NO_PIC = NO;
				GCC_NO_COMMON_BLOCKS = YES;
				GCC_OPTIMIZATION_LEVEL = 0;
				GCC_PREPROCESSOR_DEFINITIONS = (
					"DEBUG=1",
					"$(inherited)",
				);
				GCC_WARN_64_TO_32_BIT_CONVERSION = YES;
				GCC_WARN_ABOUT_RETURN_TYPE = YES_ERROR;
				GCC_WARN_UNDECLARED_SELECTOR = YES;
				GCC_WARN_UNINITIALIZED_AUTOS = YES_AGGRESSIVE;
				GCC_WARN_UNUSED_FUNCTION = YES;
				GCC_WARN_UNUSED_VARIABLE = YES;
				IPHONEOS_DEPLOYMENT_TARGET = 12.1;
				MTL_ENABLE_DEBUG_INFO = INCLUDE_SOURCE;
				MTL_FAST_MATH = YES;
				ONLY_ACTIVE_ARCH = YES;
				SDKROOT = iphoneos;
				SWIFT_ACTIVE_COMPILATION_CONDITIONS = DEBUG;
				SWIFT_OPTIMIZATION_LEVEL = "-Onone";
			};
			name = Debug;
		};
		7F317CC7226AFADF003F179C /* Release */ = {
			isa = XCBuildConfiguration;
			buildSettings = {
				ALWAYS_SEARCH_USER_PATHS = NO;
				CLANG_ANALYZER_NONNULL = YES;
				CLANG_ANALYZER_NUMBER_OBJECT_CONVERSION = YES_AGGRESSIVE;
				CLANG_CXX_LANGUAGE_STANDARD = "gnu++14";
				CLANG_CXX_LIBRARY = "libc++";
				CLANG_ENABLE_MODULES = YES;
				CLANG_ENABLE_OBJC_ARC = YES;
				CLANG_ENABLE_OBJC_WEAK = YES;
				CLANG_WARN_BLOCK_CAPTURE_AUTORELEASING = YES;
				CLANG_WARN_BOOL_CONVERSION = YES;
				CLANG_WARN_COMMA = YES;
				CLANG_WARN_CONSTANT_CONVERSION = YES;
				CLANG_WARN_DEPRECATED_OBJC_IMPLEMENTATIONS = YES;
				CLANG_WARN_DIRECT_OBJC_ISA_USAGE = YES_ERROR;
				CLANG_WARN_DOCUMENTATION_COMMENTS = YES;
				CLANG_WARN_EMPTY_BODY = YES;
				CLANG_WARN_ENUM_CONVERSION = YES;
				CLANG_WARN_INFINITE_RECURSION = YES;
				CLANG_WARN_INT_CONVERSION = YES;
				CLANG_WARN_NON_LITERAL_NULL_CONVERSION = YES;
				CLANG_WARN_OBJC_IMPLICIT_RETAIN_SELF = YES;
				CLANG_WARN_OBJC_LITERAL_CONVERSION = YES;
				CLANG_WARN_OBJC_ROOT_CLASS = YES_ERROR;
				CLANG_WARN_RANGE_LOOP_ANALYSIS = YES;
				CLANG_WARN_STRICT_PROTOTYPES = YES;
				CLANG_WARN_SUSPICIOUS_MOVE = YES;
				CLANG_WARN_UNGUARDED_AVAILABILITY = YES_AGGRESSIVE;
				CLANG_WARN_UNREACHABLE_CODE = YES;
				CLANG_WARN__DUPLICATE_METHOD_MATCH = YES;
				CODE_SIGN_IDENTITY = "iPhone Developer";
				COPY_PHASE_STRIP = NO;
				DEBUG_INFORMATION_FORMAT = "dwarf-with-dsym";
				ENABLE_NS_ASSERTIONS = NO;
				ENABLE_STRICT_OBJC_MSGSEND = YES;
				GCC_C_LANGUAGE_STANDARD = gnu11;
				GCC_NO_COMMON_BLOCKS = YES;
				GCC_WARN_64_TO_32_BIT_CONVERSION = YES;
				GCC_WARN_ABOUT_RETURN_TYPE = YES_ERROR;
				GCC_WARN_UNDECLARED_SELECTOR = YES;
				GCC_WARN_UNINITIALIZED_AUTOS = YES_AGGRESSIVE;
				GCC_WARN_UNUSED_FUNCTION = YES;
				GCC_WARN_UNUSED_VARIABLE = YES;
				IPHONEOS_DEPLOYMENT_TARGET = 12.1;
				MTL_ENABLE_DEBUG_INFO = NO;
				MTL_FAST_MATH = YES;
				SDKROOT = iphoneos;
				SWIFT_COMPILATION_MODE = wholemodule;
				SWIFT_OPTIMIZATION_LEVEL = "-O";
				VALIDATE_PRODUCT = YES;
			};
			name = Release;
		};
		7F317CC9226AFADF003F179C /* Debug */ = {
			isa = XCBuildConfiguration;
			buildSettings = {
				ASSETCATALOG_COMPILER_APPICON_NAME = AppIcon;
				CODE_SIGN_STYLE = Automatic;
				DEVELOPMENT_TEAM = 42VZ9QW6FT;
				INFOPLIST_FILE = "Home UI TableView/Info.plist";
				LD_RUNPATH_SEARCH_PATHS = (
					"$(inherited)",
					"@executable_path/Frameworks",
				);
				PRODUCT_BUNDLE_IDENTIFIER = "com.gsanthosh91.Home-UI-TableView";
				PRODUCT_NAME = "$(TARGET_NAME)";
				SWIFT_VERSION = 4.2;
				TARGETED_DEVICE_FAMILY = "1,2";
			};
			name = Debug;
		};
		7F317CCA226AFADF003F179C /* Release */ = {
			isa = XCBuildConfiguration;
			buildSettings = {
				ASSETCATALOG_COMPILER_APPICON_NAME = AppIcon;
				CODE_SIGN_STYLE = Automatic;
				DEVELOPMENT_TEAM = 42VZ9QW6FT;
				INFOPLIST_FILE = "Home UI TableView/Info.plist";
				LD_RUNPATH_SEARCH_PATHS = (
					"$(inherited)",
					"@executable_path/Frameworks",
				);
				PRODUCT_BUNDLE_IDENTIFIER = "com.gsanthosh91.Home-UI-TableView";
				PRODUCT_NAME = "$(TARGET_NAME)";
				SWIFT_VERSION = 4.2;
				TARGETED_DEVICE_FAMILY = "1,2";
			};
			name = Release;
		};
/* End XCBuildConfiguration section */

/* Begin XCConfigurationList section */
		7F317CB1226AFADD003F179C /* Build configuration list for PBXProject "Home UI TableView" */ = {
			isa = XCConfigurationList;
			buildConfigurations = (
				7F317CC6226AFADF003F179C /* Debug */,
				7F317CC7226AFADF003F179C /* Release */,
			);
			defaultConfigurationIsVisible = 0;
			defaultConfigurationName = Release;
		};
		7F317CC8226AFADF003F179C /* Build configuration list for PBXNativeTarget "Home UI TableView" */ = {
			isa = XCConfigurationList;
			buildConfigurations = (
				7F317CC9226AFADF003F179C /* Debug */,
				7F317CCA226AFADF003F179C /* Release */,
			);
			defaultConfigurationIsVisible = 0;
			defaultConfigurationName = Release;
		};
/* End XCConfigurationList section */
	};
	rootObject = 7F317CAE226AFADD003F179C /* Project object */;
}
